// !$*UTF8*$!
{
	archiveVersion = 1;
	classes = {
	};
	objectVersion = 50;
	objects = {

/* Begin PBXBuildFile section */
		FB61DF4A25D2FDE30010BF7A /* main.c in Sources */ = {isa = PBXBuildFile; fileRef = FB61DF4925D2FDE30010BF7A /* main.c */; };
		FB61DF8C25D32DE30010BF7A /* main.c in Sources */ = {isa = PBXBuildFile; fileRef = FB61DF8B25D32DE30010BF7A /* main.c */; };
/* End PBXBuildFile section */

/* Begin PBXCopyFilesBuildPhase section */
		FB61DF4425D2FDE20010BF7A /* CopyFiles */ = {
			isa = PBXCopyFilesBuildPhase;
			buildActionMask = 2147483647;
			dstPath = /usr/share/man/man1/;
			dstSubfolderSpec = 0;
			files = (
			);
			runOnlyForDeploymentPostprocessing = 1;
		};
		FB61DF8725D32DE30010BF7A /* CopyFiles */ = {
			isa = PBXCopyFilesBuildPhase;
			buildActionMask = 2147483647;
			dstPath = /usr/share/man/man1/;
			dstSubfolderSpec = 0;
			files = (
			);
			runOnlyForDeploymentPostprocessing = 1;
		};
/* End PBXCopyFilesBuildPhase section */

/* Begin PBXFileReference section */
		FB61DF4625D2FDE20010BF7A /* 0209 */ = {isa = PBXFileReference; explicitFileType = "compiled.mach-o.executable"; includeInIndex = 0; path = 0209; sourceTree = BUILT_PRODUCTS_DIR; };
		FB61DF4925D2FDE30010BF7A /* main.c */ = {isa = PBXFileReference; lastKnownFileType = sourcecode.c.c; path = main.c; sourceTree = "<group>"; };
		FB61DF8925D32DE30010BF7A /* secondmain */ = {isa = PBXFileReference; explicitFileType = "compiled.mach-o.executable"; includeInIndex = 0; path = secondmain; sourceTree = BUILT_PRODUCTS_DIR; };
		FB61DF8B25D32DE30010BF7A /* main.c */ = {isa = PBXFileReference; lastKnownFileType = sourcecode.c.c; path = main.c; sourceTree = "<group>"; };
/* End PBXFileReference section */

/* Begin PBXFrameworksBuildPhase section */
		FB61DF4325D2FDE20010BF7A /* Frameworks */ = {
			isa = PBXFrameworksBuildPhase;
			buildActionMask = 2147483647;
			files = (
			);
			runOnlyForDeploymentPostprocessing = 0;
		};
		FB61DF8625D32DE30010BF7A /* Frameworks */ = {
			isa = PBXFrameworksBuildPhase;
			buildActionMask = 2147483647;
			files = (
			);
			runOnlyForDeploymentPostprocessing = 0;
		};
/* End PBXFrameworksBuildPhase section */

/* Begin PBXGroup section */
		FB61DF3D25D2FDE20010BF7A = {
			isa = PBXGroup;
			children = (
				FB61DF4825D2FDE20010BF7A /* 0209 */,
				FB61DF8A25D32DE30010BF7A /* secondmain */,
				FB61DF4725D2FDE20010BF7A /* Products */,
			);
			sourceTree = "<group>";
		};
		FB61DF4725D2FDE20010BF7A /* Products */ = {
			isa = PBXGroup;
			children = (
				FB61DF4625D2FDE20010BF7A /* 0209 */,
				FB61DF8925D32DE30010BF7A /* secondmain */,
			);
			name = Products;
			sourceTree = "<group>";
		};
		FB61DF4825D2FDE20010BF7A /* 0209 */ = {
			isa = PBXGroup;
			children = (
				FB61DF4925D2FDE30010BF7A /* main.c */,
			);
			path = 0209;
			sourceTree = "<group>";
		};
		FB61DF8A25D32DE30010BF7A /* secondmain */ = {
			isa = PBXGroup;
			children = (
				FB61DF8B25D32DE30010BF7A /* main.c */,
			);
			path = secondmain;
			sourceTree = "<group>";
		};
/* End PBXGroup section */

/* Begin PBXNativeTarget section */
		FB61DF4525D2FDE20010BF7A /* 0209 */ = {
			isa = PBXNativeTarget;
			buildConfigurationList = FB61DF4D25D2FDE30010BF7A /* Build configuration list for PBXNativeTarget "0209" */;
			buildPhases = (
				FB61DF4225D2FDE20010BF7A /* Sources */,
				FB61DF4325D2FDE20010BF7A /* Frameworks */,
				FB61DF4425D2FDE20010BF7A /* CopyFiles */,
			);
			buildRules = (
			);
			dependencies = (
			);
			name = 0209;
			productName = 0209;
			productReference = FB61DF4625D2FDE20010BF7A /* 0209 */;
			productType = "com.apple.product-type.tool";
		};
		FB61DF8825D32DE30010BF7A /* secondmain */ = {
			isa = PBXNativeTarget;
			buildConfigurationList = FB61DF8F25D32DE30010BF7A /* Build configuration list for PBXNativeTarget "secondmain" */;
			buildPhases = (
				FB61DF8525D32DE30010BF7A /* Sources */,
				FB61DF8625D32DE30010BF7A /* Frameworks */,
				FB61DF8725D32DE30010BF7A /* CopyFiles */,
			);
			buildRules = (
			);
			dependencies = (
			);
			name = secondmain;
			productName = secondmain;
			productReference = FB61DF8925D32DE30010BF7A /* secondmain */;
			productType = "com.apple.product-type.tool";
		};
/* End PBXNativeTarget section */

/* Begin PBXProject section */
		FB61DF3E25D2FDE20010BF7A /* Project object */ = {
			isa = PBXProject;
			attributes = {
				LastUpgradeCheck = 1240;
				TargetAttributes = {
					FB61DF4525D2FDE20010BF7A = {
						CreatedOnToolsVersion = 12.4;
					};
					FB61DF8825D32DE30010BF7A = {
						CreatedOnToolsVersion = 12.4;
					};
				};
			};
			buildConfigurationList = FB61DF4125D2FDE20010BF7A /* Build configuration list for PBXProject "0209" */;
			compatibilityVersion = "Xcode 9.3";
			developmentRegion = en;
			hasScannedForEncodings = 0;
			knownRegions = (
				en,
				Base,
			);
			mainGroup = FB61DF3D25D2FDE20010BF7A;
			productRefGroup = FB61DF4725D2FDE20010BF7A /* Products */;
			projectDirPath = "";
			projectRoot = "";
			targets = (
				FB61DF4525D2FDE20010BF7A /* 0209 */,
				FB61DF8825D32DE30010BF7A /* secondmain */,
			);
		};
/* End PBXProject section */

/* Begin PBXSourcesBuildPhase section */
		FB61DF4225D2FDE20010BF7A /* Sources */ = {
			isa = PBXSourcesBuildPhase;
			buildActionMask = 2147483647;
			files = (
				FB61DF4A25D2FDE30010BF7A /* main.c in Sources */,
			);
			runOnlyForDeploymentPostprocessing = 0;
		};
		FB61DF8525D32DE30010BF7A /* Sources */ = {
			isa = PBXSourcesBuildPhase;
			buildActionMask = 2147483647;
			files = (
				FB61DF8C25D32DE30010BF7A /* main.c in Sources */,
			);
			runOnlyForDeploymentPostprocessing = 0;
		};
/* End PBXSourcesBuildPhase section */

/* Begin XCBuildConfiguration section */
		FB61DF4B25D2FDE30010BF7A /* Debug */ = {
			isa = XCBuildConfiguration;
			buildSettings = {
				ALWAYS_SEARCH_USER_PATHS = NO;
				CLANG_ANALYZER_NONNULL = YES;
				CLANG_ANALYZER_NUMBER_OBJECT_CONVERSION = YES_AGGRESSIVE;
				CLANG_CXX_LANGUAGE_STANDARD = "gnu++14";
				CLANG_CXX_LIBRARY = "libc++";
				CLANG_ENABLE_MODULES = YES;
				CLANG_ENABLE_OBJC_ARC = YES;
				CLANG_ENABLE_OBJC_WEAK = YES;
				CLANG_WARN_BLOCK_CAPTURE_AUTORELEASING = YES;
				CLANG_WARN_BOOL_CONVERSION = YES;
				CLANG_WARN_COMMA = YES;
				CLANG_WARN_CONSTANT_CONVERSION = YES;
				CLANG_WARN_DEPRECATED_OBJC_IMPLEMENTATIONS = YES;
				CLANG_WARN_DIRECT_OBJC_ISA_USAGE = YES_ERROR;
				CLANG_WARN_DOCUMENTATION_COMMENTS = YES;
				CLANG_WARN_EMPTY_BODY = YES;
				CLANG_WARN_ENUM_CONVERSION = YES;
				CLANG_WARN_INFINITE_RECURSION = YES;
				CLANG_WARN_INT_CONVERSION = YES;
				CLANG_WARN_NON_LITERAL_NULL_CONVERSION = YES;
				CLANG_WARN_OBJC_IMPLICIT_RETAIN_SELF = YES;
				CLANG_WARN_OBJC_LITERAL_CONVERSION = YES;
				CLANG_WARN_OBJC_ROOT_CLASS = YES_ERROR;
				CLANG_WARN_QUOTED_INCLUDE_IN_FRAMEWORK_HEADER = YES;
				CLANG_WARN_RANGE_LOOP_ANALYSIS = YES;
				CLANG_WARN_STRICT_PROTOTYPES = YES;
				CLANG_WARN_SUSPICIOUS_MOVE = YES;
				CLANG_WARN_UNGUARDED_AVAILABILITY = YES_AGGRESSIVE;
				CLANG_WARN_UNREACHABLE_CODE = YES;
				CLANG_WARN__DUPLICATE_METHOD_MATCH = YES;
				COPY_PHASE_STRIP = NO;
				DEBUG_INFORMATION_FORMAT = dwarf;
				ENABLE_STRICT_OBJC_MSGSEND = YES;
				ENABLE_TESTABILITY = YES;
				GCC_C_LANGUAGE_STANDARD = gnu11;
				GCC_DYNAMIC_NO_PIC = NO;
				GCC_NO_COMMON_BLOCKS = YES;
				GCC_OPTIMIZATION_LEVEL = 0;
				GCC_PREPROCESSOR_DEFINITIONS = (
					"DEBUG=1",
					"$(inherited)",
				);
				GCC_WARN_64_TO_32_BIT_CONVERSION = YES;
				GCC_WARN_ABOUT_RETURN_TYPE = YES_ERROR;
				GCC_WARN_UNDECLARED_SELECTOR = YES;
				GCC_WARN_UNINITIALIZED_AUTOS = YES_AGGRESSIVE;
				GCC_WARN_UNUSED_FUNCTION = YES;
				GCC_WARN_UNUSED_VARIABLE = YES;
				MACOSX_DEPLOYMENT_TARGET = 11.1;
				MTL_ENABLE_DEBUG_INFO = INCLUDE_SOURCE;
				MTL_FAST_MATH = YES;
				ONLY_ACTIVE_ARCH = YES;
				SDKROOT = macosx;
			};
			name = Debug;
		};
		FB61DF4C25D2FDE30010BF7A /* Release */ = {
			isa = XCBuildConfiguration;
			buildSettings = {
				ALWAYS_SEARCH_USER_PATHS = NO;
				CLANG_ANALYZER_NONNULL = YES;
				CLANG_ANALYZER_NUMBER_OBJECT_CONVERSION = YES_AGGRESSIVE;
				CLANG_CXX_LANGUAGE_STANDARD = "gnu++14";
				CLANG_CXX_LIBRARY = "libc++";
				CLANG_ENABLE_MODULES = YES;
				CLANG_ENABLE_OBJC_ARC = YES;
				CLANG_ENABLE_OBJC_WEAK = YES;
				CLANG_WARN_BLOCK_CAPTURE_AUTORELEASING = YES;
				CLANG_WARN_BOOL_CONVERSION = YES;
				CLANG_WARN_COMMA = YES;
				CLANG_WARN_CONSTANT_CONVERSION = YES;
				CLANG_WARN_DEPRECATED_OBJC_IMPLEMENTATIONS = YES;
				CLANG_WARN_DIRECT_OBJC_ISA_USAGE = YES_ERROR;
				CLANG_WARN_DOCUMENTATION_COMMENTS = YES;
				CLANG_WARN_EMPTY_BODY = YES;
				CLANG_WARN_ENUM_CONVERSION = YES;
				CLANG_WARN_INFINITE_RECURSION = YES;
				CLANG_WARN_INT_CONVERSION = YES;
				CLANG_WARN_NON_LITERAL_NULL_CONVERSION = YES;
				CLANG_WARN_OBJC_IMPLICIT_RETAIN_SELF = YES;
				CLANG_WARN_OBJC_LITERAL_CONVERSION = YES;
				CLANG_WARN_OBJC_ROOT_CLASS = YES_ERROR;
				CLANG_WARN_QUOTED_INCLUDE_IN_FRAMEWORK_HEADER = YES;
				CLANG_WARN_RANGE_LOOP_ANALYSIS = YES;
				CLANG_WARN_STRICT_PROTOTYPES = YES;
				CLANG_WARN_SUSPICIOUS_MOVE = YES;
				CLANG_WARN_UNGUARDED_AVAILABILITY = YES_AGGRESSIVE;
				CLANG_WARN_UNREACHABLE_CODE = YES;
				CLANG_WARN__DUPLICATE_METHOD_MATCH = YES;
				COPY_PHASE_STRIP = NO;
				DEBUG_INFORMATION_FORMAT = "dwarf-with-dsym";
				ENABLE_NS_ASSERTIONS = NO;
				ENABLE_STRICT_OBJC_MSGSEND = YES;
				GCC_C_LANGUAGE_STANDARD = gnu11;
				GCC_NO_COMMON_BLOCKS = YES;
				GCC_WARN_64_TO_32_BIT_CONVERSION = YES;
				GCC_WARN_ABOUT_RETURN_TYPE = YES_ERROR;
				GCC_WARN_UNDECLARED_SELECTOR = YES;
				GCC_WARN_UNINITIALIZED_AUTOS = YES_AGGRESSIVE;
				GCC_WARN_UNUSED_FUNCTION = YES;
				GCC_WARN_UNUSED_VARIABLE = YES;
				MACOSX_DEPLOYMENT_TARGET = 11.1;
				MTL_ENABLE_DEBUG_INFO = NO;
				MTL_FAST_MATH = YES;
				SDKROOT = macosx;
			};
			name = Release;
		};
		FB61DF4E25D2FDE30010BF7A /* Debug */ = {
			isa = XCBuildConfiguration;
			buildSettings = {
				CODE_SIGN_STYLE = Automatic;
				PRODUCT_NAME = "$(TARGET_NAME)";
			};
			name = Debug;
		};
		FB61DF4F25D2FDE30010BF7A /* Release */ = {
			isa = XCBuildConfiguration;
			buildSettings = {
				CODE_SIGN_STYLE = Automatic;
				PRODUCT_NAME = "$(TARGET_NAME)";
			};
			name = Release;
		};
		FB61DF8D25D32DE30010BF7A /* Debug */ = {
			isa = XCBuildConfiguration;
			buildSettings = {
				CODE_SIGN_STYLE = Automatic;
				PRODUCT_NAME = "$(TARGET_NAME)";
			};
			name = Debug;
		};
		FB61DF8E25D32DE30010BF7A /* Release */ = {
			isa = XCBuildConfiguration;
			buildSettings = {
				CODE_SIGN_STYLE = Automatic;
				PRODUCT_NAME = "$(TARGET_NAME)";
			};
			name = Release;
		};
/* End XCBuildConfiguration section */

/* Begin XCConfigurationList section */
		FB61DF4125D2FDE20010BF7A /* Build configuration list for PBXProject "0209" */ = {
			isa = XCConfigurationList;
			buildConfigurations = (
				FB61DF4B25D2FDE30010BF7A /* Debug */,
				FB61DF4C25D2FDE30010BF7A /* Release */,
			);
			defaultConfigurationIsVisible = 0;
			defaultConfigurationName = Release;
		};
		FB61DF4D25D2FDE30010BF7A /* Build configuration list for PBXNativeTarget "0209" */ = {
			isa = XCConfigurationList;
			buildConfigurations = (
				FB61DF4E25D2FDE30010BF7A /* Debug */,
				FB61DF4F25D2FDE30010BF7A /* Release */,
			);
			defaultConfigurationIsVisible = 0;
			defaultConfigurationName = Release;
		};
		FB61DF8F25D32DE30010BF7A /* Build configuration list for PBXNativeTarget "secondmain" */ = {
			isa = XCConfigurationList;
			buildConfigurations = (
				FB61DF8D25D32DE30010BF7A /* Debug */,
				FB61DF8E25D32DE30010BF7A /* Release */,
			);
			defaultConfigurationIsVisible = 0;
			defaultConfigurationName = Release;
		};
/* End XCConfigurationList section */
	};
	rootObject = FB61DF3E25D2FDE20010BF7A /* Project object */;
}
